// !$*UTF8*$!
{
	archiveVersion = 1;
	classes = {
	};
	objectVersion = 50;
	objects = {

/* Begin PBXBuildFile section */
		E5091C6625A7D342009FB6C2 /* ESUControl.framework in Frameworks */ = {isa = PBXBuildFile; fileRef = E5091C5C25A7D342009FB6C2 /* ESUControl.framework */; };
		E5091C6B25A7D342009FB6C2 /* ESUControlTests.swift in Sources */ = {isa = PBXBuildFile; fileRef = E5091C6A25A7D342009FB6C2 /* ESUControlTests.swift */; };
		E5091C6D25A7D342009FB6C2 /* ESUControl.h in Headers */ = {isa = PBXBuildFile; fileRef = E5091C5F25A7D342009FB6C2 /* ESUControl.h */; settings = {ATTRIBUTES = (Public, ); }; };
		E5091C7C25A7D37D009FB6C2 /* ESUTextField.swift in Sources */ = {isa = PBXBuildFile; fileRef = E5091C7925A7D37D009FB6C2 /* ESUTextField.swift */; };
		E5091C7D25A7D37D009FB6C2 /* ESUDatePicker.swift in Sources */ = {isa = PBXBuildFile; fileRef = E5091C7A25A7D37D009FB6C2 /* ESUDatePicker.swift */; };
		E5091C7E25A7D37D009FB6C2 /* ESUButton.swift in Sources */ = {isa = PBXBuildFile; fileRef = E5091C7B25A7D37D009FB6C2 /* ESUButton.swift */; };
		E5091C8525A7D3DA009FB6C2 /* ESUButtonTests.swift in Sources */ = {isa = PBXBuildFile; fileRef = E5091C8425A7D3DA009FB6C2 /* ESUButtonTests.swift */; };
		E5FAA57E25A90BFC002DF2CD /* ESUSegmentedControl.swift in Sources */ = {isa = PBXBuildFile; fileRef = E5FAA57D25A90BFC002DF2CD /* ESUSegmentedControl.swift */; };
		E5FAA58225A90C10002DF2CD /* ESUSlider.swift in Sources */ = {isa = PBXBuildFile; fileRef = E5FAA58125A90C10002DF2CD /* ESUSlider.swift */; };
		E5FAA58625A90C29002DF2CD /* ESUSwitch.swift in Sources */ = {isa = PBXBuildFile; fileRef = E5FAA58525A90C29002DF2CD /* ESUSwitch.swift */; };
		E5FAA58A25A90C4A002DF2CD /* ESUStepper.swift in Sources */ = {isa = PBXBuildFile; fileRef = E5FAA58925A90C4A002DF2CD /* ESUStepper.swift */; };
		E5FAA58E25A90E42002DF2CD /* ESUSegmentedControlTests.swift in Sources */ = {isa = PBXBuildFile; fileRef = E5FAA58D25A90E42002DF2CD /* ESUSegmentedControlTests.swift */; };
		E5FAA59225A90FCC002DF2CD /* ESUSliderTests.swift in Sources */ = {isa = PBXBuildFile; fileRef = E5FAA59125A90FCC002DF2CD /* ESUSliderTests.swift */; };
		E5FAA59625A910E4002DF2CD /* ESUSwitchTests.swift in Sources */ = {isa = PBXBuildFile; fileRef = E5FAA59525A910E4002DF2CD /* ESUSwitchTests.swift */; };
		E5FAA59A25A91205002DF2CD /* ESUStepperTests.swift in Sources */ = {isa = PBXBuildFile; fileRef = E5FAA59925A91205002DF2CD /* ESUStepperTests.swift */; };
		E5FAA59E25A91289002DF2CD /* ESUDatePickerTests.swift in Sources */ = {isa = PBXBuildFile; fileRef = E5FAA59D25A91289002DF2CD /* ESUDatePickerTests.swift */; };
		E5FAA5A225A91326002DF2CD /* ESUTextFieldTests.swift in Sources */ = {isa = PBXBuildFile; fileRef = E5FAA5A125A91326002DF2CD /* ESUTextFieldTests.swift */; };
		E5FAA5AC25AA5307002DF2CD /* AppDelegate.swift in Sources */ = {isa = PBXBuildFile; fileRef = E5FAA5AB25AA5307002DF2CD /* AppDelegate.swift */; };
		E5FAA5AE25AA5307002DF2CD /* SceneDelegate.swift in Sources */ = {isa = PBXBuildFile; fileRef = E5FAA5AD25AA5307002DF2CD /* SceneDelegate.swift */; };
		E5FAA5B025AA5307002DF2CD /* ViewController.swift in Sources */ = {isa = PBXBuildFile; fileRef = E5FAA5AF25AA5307002DF2CD /* ViewController.swift */; };
		E5FAA5B325AA5307002DF2CD /* Main.storyboard in Resources */ = {isa = PBXBuildFile; fileRef = E5FAA5B125AA5307002DF2CD /* Main.storyboard */; };
		E5FAA5B525AA5308002DF2CD /* Assets.xcassets in Resources */ = {isa = PBXBuildFile; fileRef = E5FAA5B425AA5308002DF2CD /* Assets.xcassets */; };
		E5FAA5B825AA5308002DF2CD /* LaunchScreen.storyboard in Resources */ = {isa = PBXBuildFile; fileRef = E5FAA5B625AA5308002DF2CD /* LaunchScreen.storyboard */; };
		E5FAA5CE25AA5308002DF2CD /* ESUControlSampleUITests.swift in Sources */ = {isa = PBXBuildFile; fileRef = E5FAA5CD25AA5308002DF2CD /* ESUControlSampleUITests.swift */; };
/* End PBXBuildFile section */

/* Begin PBXContainerItemProxy section */
		E5091C6725A7D342009FB6C2 /* PBXContainerItemProxy */ = {
			isa = PBXContainerItemProxy;
			containerPortal = E5091C5325A7D342009FB6C2 /* Project object */;
			proxyType = 1;
			remoteGlobalIDString = E5091C5B25A7D342009FB6C2;
			remoteInfo = ESUControl;
		};
		E5FAA5CA25AA5308002DF2CD /* PBXContainerItemProxy */ = {
			isa = PBXContainerItemProxy;
			containerPortal = E5091C5325A7D342009FB6C2 /* Project object */;
			proxyType = 1;
			remoteGlobalIDString = E5FAA5A825AA5307002DF2CD;
			remoteInfo = ESUControlSample;
		};
		E5FAA5E625AA5DEB002DF2CD /* PBXContainerItemProxy */ = {
			isa = PBXContainerItemProxy;
			containerPortal = E5091C5325A7D342009FB6C2 /* Project object */;
			proxyType = 1;
			remoteGlobalIDString = E5FAA5A825AA5307002DF2CD;
			remoteInfo = ESUControlSample;
		};
/* End PBXContainerItemProxy section */

/* Begin PBXFileReference section */
		E5091C5C25A7D342009FB6C2 /* ESUControl.framework */ = {isa = PBXFileReference; explicitFileType = wrapper.framework; includeInIndex = 0; path = ESUControl.framework; sourceTree = BUILT_PRODUCTS_DIR; };
		E5091C5F25A7D342009FB6C2 /* ESUControl.h */ = {isa = PBXFileReference; lastKnownFileType = sourcecode.c.h; path = ESUControl.h; sourceTree = "<group>"; };
		E5091C6025A7D342009FB6C2 /* Info.plist */ = {isa = PBXFileReference; lastKnownFileType = text.plist.xml; path = Info.plist; sourceTree = "<group>"; };
		E5091C6525A7D342009FB6C2 /* ESUControlTests.xctest */ = {isa = PBXFileReference; explicitFileType = wrapper.cfbundle; includeInIndex = 0; path = ESUControlTests.xctest; sourceTree = BUILT_PRODUCTS_DIR; };
		E5091C6A25A7D342009FB6C2 /* ESUControlTests.swift */ = {isa = PBXFileReference; lastKnownFileType = sourcecode.swift; path = ESUControlTests.swift; sourceTree = "<group>"; };
		E5091C6C25A7D342009FB6C2 /* Info.plist */ = {isa = PBXFileReference; lastKnownFileType = text.plist.xml; path = Info.plist; sourceTree = "<group>"; };
		E5091C7925A7D37D009FB6C2 /* ESUTextField.swift */ = {isa = PBXFileReference; fileEncoding = 4; lastKnownFileType = sourcecode.swift; path = ESUTextField.swift; sourceTree = "<group>"; };
		E5091C7A25A7D37D009FB6C2 /* ESUDatePicker.swift */ = {isa = PBXFileReference; fileEncoding = 4; lastKnownFileType = sourcecode.swift; path = ESUDatePicker.swift; sourceTree = "<group>"; };
		E5091C7B25A7D37D009FB6C2 /* ESUButton.swift */ = {isa = PBXFileReference; fileEncoding = 4; lastKnownFileType = sourcecode.swift; path = ESUButton.swift; sourceTree = "<group>"; };
		E5091C8425A7D3DA009FB6C2 /* ESUButtonTests.swift */ = {isa = PBXFileReference; lastKnownFileType = sourcecode.swift; path = ESUButtonTests.swift; sourceTree = "<group>"; };
		E5091C8E25A85675009FB6C2 /* Package.swift */ = {isa = PBXFileReference; lastKnownFileType = sourcecode.swift; path = Package.swift; sourceTree = "<group>"; };
		E5FAA57D25A90BFC002DF2CD /* ESUSegmentedControl.swift */ = {isa = PBXFileReference; lastKnownFileType = sourcecode.swift; path = ESUSegmentedControl.swift; sourceTree = "<group>"; };
		E5FAA58125A90C10002DF2CD /* ESUSlider.swift */ = {isa = PBXFileReference; lastKnownFileType = sourcecode.swift; path = ESUSlider.swift; sourceTree = "<group>"; };
		E5FAA58525A90C29002DF2CD /* ESUSwitch.swift */ = {isa = PBXFileReference; lastKnownFileType = sourcecode.swift; path = ESUSwitch.swift; sourceTree = "<group>"; };
		E5FAA58925A90C4A002DF2CD /* ESUStepper.swift */ = {isa = PBXFileReference; lastKnownFileType = sourcecode.swift; path = ESUStepper.swift; sourceTree = "<group>"; };
		E5FAA58D25A90E42002DF2CD /* ESUSegmentedControlTests.swift */ = {isa = PBXFileReference; lastKnownFileType = sourcecode.swift; path = ESUSegmentedControlTests.swift; sourceTree = "<group>"; };
		E5FAA59125A90FCC002DF2CD /* ESUSliderTests.swift */ = {isa = PBXFileReference; lastKnownFileType = sourcecode.swift; path = ESUSliderTests.swift; sourceTree = "<group>"; };
		E5FAA59525A910E4002DF2CD /* ESUSwitchTests.swift */ = {isa = PBXFileReference; lastKnownFileType = sourcecode.swift; path = ESUSwitchTests.swift; sourceTree = "<group>"; };
		E5FAA59925A91205002DF2CD /* ESUStepperTests.swift */ = {isa = PBXFileReference; lastKnownFileType = sourcecode.swift; path = ESUStepperTests.swift; sourceTree = "<group>"; };
		E5FAA59D25A91289002DF2CD /* ESUDatePickerTests.swift */ = {isa = PBXFileReference; lastKnownFileType = sourcecode.swift; path = ESUDatePickerTests.swift; sourceTree = "<group>"; };
		E5FAA5A125A91326002DF2CD /* ESUTextFieldTests.swift */ = {isa = PBXFileReference; lastKnownFileType = sourcecode.swift; path = ESUTextFieldTests.swift; sourceTree = "<group>"; };
		E5FAA5A925AA5307002DF2CD /* ESUControlSample.app */ = {isa = PBXFileReference; explicitFileType = wrapper.application; includeInIndex = 0; path = ESUControlSample.app; sourceTree = BUILT_PRODUCTS_DIR; };
		E5FAA5AB25AA5307002DF2CD /* AppDelegate.swift */ = {isa = PBXFileReference; lastKnownFileType = sourcecode.swift; path = AppDelegate.swift; sourceTree = "<group>"; };
		E5FAA5AD25AA5307002DF2CD /* SceneDelegate.swift */ = {isa = PBXFileReference; lastKnownFileType = sourcecode.swift; path = SceneDelegate.swift; sourceTree = "<group>"; };
		E5FAA5AF25AA5307002DF2CD /* ViewController.swift */ = {isa = PBXFileReference; lastKnownFileType = sourcecode.swift; path = ViewController.swift; sourceTree = "<group>"; };
		E5FAA5B225AA5307002DF2CD /* Base */ = {isa = PBXFileReference; lastKnownFileType = file.storyboard; name = Base; path = Base.lproj/Main.storyboard; sourceTree = "<group>"; };
		E5FAA5B425AA5308002DF2CD /* Assets.xcassets */ = {isa = PBXFileReference; lastKnownFileType = folder.assetcatalog; path = Assets.xcassets; sourceTree = "<group>"; };
		E5FAA5B725AA5308002DF2CD /* Base */ = {isa = PBXFileReference; lastKnownFileType = file.storyboard; name = Base; path = Base.lproj/LaunchScreen.storyboard; sourceTree = "<group>"; };
		E5FAA5B925AA5308002DF2CD /* Info.plist */ = {isa = PBXFileReference; lastKnownFileType = text.plist.xml; path = Info.plist; sourceTree = "<group>"; };
		E5FAA5C925AA5308002DF2CD /* ESUControlSampleUITests.xctest */ = {isa = PBXFileReference; explicitFileType = wrapper.cfbundle; includeInIndex = 0; path = ESUControlSampleUITests.xctest; sourceTree = BUILT_PRODUCTS_DIR; };
		E5FAA5CD25AA5308002DF2CD /* ESUControlSampleUITests.swift */ = {isa = PBXFileReference; lastKnownFileType = sourcecode.swift; path = ESUControlSampleUITests.swift; sourceTree = "<group>"; };
		E5FAA5CF25AA5308002DF2CD /* Info.plist */ = {isa = PBXFileReference; lastKnownFileType = text.plist.xml; path = Info.plist; sourceTree = "<group>"; };
/* End PBXFileReference section */

/* Begin PBXFrameworksBuildPhase section */
		E5091C5925A7D342009FB6C2 /* Frameworks */ = {
			isa = PBXFrameworksBuildPhase;
			buildActionMask = 2147483647;
			files = (
			);
			runOnlyForDeploymentPostprocessing = 0;
		};
		E5091C6225A7D342009FB6C2 /* Frameworks */ = {
			isa = PBXFrameworksBuildPhase;
			buildActionMask = 2147483647;
			files = (
				E5091C6625A7D342009FB6C2 /* ESUControl.framework in Frameworks */,
			);
			runOnlyForDeploymentPostprocessing = 0;
		};
		E5FAA5A625AA5307002DF2CD /* Frameworks */ = {
			isa = PBXFrameworksBuildPhase;
			buildActionMask = 2147483647;
			files = (
			);
			runOnlyForDeploymentPostprocessing = 0;
		};
		E5FAA5C625AA5308002DF2CD /* Frameworks */ = {
			isa = PBXFrameworksBuildPhase;
			buildActionMask = 2147483647;
			files = (
			);
			runOnlyForDeploymentPostprocessing = 0;
		};
/* End PBXFrameworksBuildPhase section */

/* Begin PBXGroup section */
		E5091C5225A7D342009FB6C2 = {
			isa = PBXGroup;
			children = (
				E5091C8E25A85675009FB6C2 /* Package.swift */,
				E5091C5E25A7D342009FB6C2 /* ESUControl */,
				E5091C6925A7D342009FB6C2 /* ESUControlTests */,
				E5FAA5AA25AA5307002DF2CD /* ESUControlSample */,
				E5FAA5CC25AA5308002DF2CD /* ESUControlSampleUITests */,
				E5091C5D25A7D342009FB6C2 /* Products */,
			);
			sourceTree = "<group>";
		};
		E5091C5D25A7D342009FB6C2 /* Products */ = {
			isa = PBXGroup;
			children = (
				E5091C5C25A7D342009FB6C2 /* ESUControl.framework */,
				E5091C6525A7D342009FB6C2 /* ESUControlTests.xctest */,
				E5FAA5A925AA5307002DF2CD /* ESUControlSample.app */,
				E5FAA5C925AA5308002DF2CD /* ESUControlSampleUITests.xctest */,
			);
			name = Products;
			sourceTree = "<group>";
		};
		E5091C5E25A7D342009FB6C2 /* ESUControl */ = {
			isa = PBXGroup;
			children = (
				E5091C7825A7D34D009FB6C2 /* Classes */,
				E5091C5F25A7D342009FB6C2 /* ESUControl.h */,
				E5091C6025A7D342009FB6C2 /* Info.plist */,
			);
			path = ESUControl;
			sourceTree = "<group>";
		};
		E5091C6925A7D342009FB6C2 /* ESUControlTests */ = {
			isa = PBXGroup;
			children = (
				E5091C8325A7D3C6009FB6C2 /* Classes */,
				E5091C6A25A7D342009FB6C2 /* ESUControlTests.swift */,
				E5091C6C25A7D342009FB6C2 /* Info.plist */,
			);
			path = ESUControlTests;
			sourceTree = "<group>";
		};
		E5091C7825A7D34D009FB6C2 /* Classes */ = {
			isa = PBXGroup;
			children = (
				E5091C7B25A7D37D009FB6C2 /* ESUButton.swift */,
				E5091C7A25A7D37D009FB6C2 /* ESUDatePicker.swift */,
				E5FAA57D25A90BFC002DF2CD /* ESUSegmentedControl.swift */,
				E5FAA58125A90C10002DF2CD /* ESUSlider.swift */,
				E5FAA58925A90C4A002DF2CD /* ESUStepper.swift */,
				E5FAA58525A90C29002DF2CD /* ESUSwitch.swift */,
				E5091C7925A7D37D009FB6C2 /* ESUTextField.swift */,
			);
			path = Classes;
			sourceTree = "<group>";
		};
		E5091C8325A7D3C6009FB6C2 /* Classes */ = {
			isa = PBXGroup;
			children = (
				E5091C8425A7D3DA009FB6C2 /* ESUButtonTests.swift */,
				E5FAA59D25A91289002DF2CD /* ESUDatePickerTests.swift */,
				E5FAA58D25A90E42002DF2CD /* ESUSegmentedControlTests.swift */,
				E5FAA59125A90FCC002DF2CD /* ESUSliderTests.swift */,
				E5FAA59925A91205002DF2CD /* ESUStepperTests.swift */,
				E5FAA59525A910E4002DF2CD /* ESUSwitchTests.swift */,
				E5FAA5A125A91326002DF2CD /* ESUTextFieldTests.swift */,
			);
			path = Classes;
			sourceTree = "<group>";
		};
		E5FAA5AA25AA5307002DF2CD /* ESUControlSample */ = {
			isa = PBXGroup;
			children = (
				E5FAA5AB25AA5307002DF2CD /* AppDelegate.swift */,
				E5FAA5AD25AA5307002DF2CD /* SceneDelegate.swift */,
				E5FAA5AF25AA5307002DF2CD /* ViewController.swift */,
				E5FAA5B125AA5307002DF2CD /* Main.storyboard */,
				E5FAA5B425AA5308002DF2CD /* Assets.xcassets */,
				E5FAA5B625AA5308002DF2CD /* LaunchScreen.storyboard */,
				E5FAA5B925AA5308002DF2CD /* Info.plist */,
			);
			path = ESUControlSample;
			sourceTree = "<group>";
		};
		E5FAA5CC25AA5308002DF2CD /* ESUControlSampleUITests */ = {
			isa = PBXGroup;
			children = (
				E5FAA5CD25AA5308002DF2CD /* ESUControlSampleUITests.swift */,
				E5FAA5CF25AA5308002DF2CD /* Info.plist */,
			);
			path = ESUControlSampleUITests;
			sourceTree = "<group>";
		};
/* End PBXGroup section */

/* Begin PBXHeadersBuildPhase section */
		E5091C5725A7D342009FB6C2 /* Headers */ = {
			isa = PBXHeadersBuildPhase;
			buildActionMask = 2147483647;
			files = (
				E5091C6D25A7D342009FB6C2 /* ESUControl.h in Headers */,
			);
			runOnlyForDeploymentPostprocessing = 0;
		};
/* End PBXHeadersBuildPhase section */

/* Begin PBXNativeTarget section */
		E5091C5B25A7D342009FB6C2 /* ESUControl */ = {
			isa = PBXNativeTarget;
			buildConfigurationList = E5091C7025A7D342009FB6C2 /* Build configuration list for PBXNativeTarget "ESUControl" */;
			buildPhases = (
				E5091C5725A7D342009FB6C2 /* Headers */,
				E5091C5825A7D342009FB6C2 /* Sources */,
				E5091C5925A7D342009FB6C2 /* Frameworks */,
				E5091C5A25A7D342009FB6C2 /* Resources */,
			);
			buildRules = (
			);
			dependencies = (
			);
			name = ESUControl;
			productName = ESUControl;
			productReference = E5091C5C25A7D342009FB6C2 /* ESUControl.framework */;
			productType = "com.apple.product-type.framework";
		};
		E5091C6425A7D342009FB6C2 /* ESUControlTests */ = {
			isa = PBXNativeTarget;
			buildConfigurationList = E5091C7325A7D342009FB6C2 /* Build configuration list for PBXNativeTarget "ESUControlTests" */;
			buildPhases = (
				E5091C6125A7D342009FB6C2 /* Sources */,
				E5091C6225A7D342009FB6C2 /* Frameworks */,
				E5091C6325A7D342009FB6C2 /* Resources */,
			);
			buildRules = (
			);
			dependencies = (
				E5091C6825A7D342009FB6C2 /* PBXTargetDependency */,
				E5FAA5E725AA5DEB002DF2CD /* PBXTargetDependency */,
			);
			name = ESUControlTests;
			productName = ESUControlTests;
			productReference = E5091C6525A7D342009FB6C2 /* ESUControlTests.xctest */;
			productType = "com.apple.product-type.bundle.unit-test";
		};
		E5FAA5A825AA5307002DF2CD /* ESUControlSample */ = {
			isa = PBXNativeTarget;
			buildConfigurationList = E5FAA5D025AA5308002DF2CD /* Build configuration list for PBXNativeTarget "ESUControlSample" */;
			buildPhases = (
				E5FAA5A525AA5307002DF2CD /* Sources */,
				E5FAA5A625AA5307002DF2CD /* Frameworks */,
				E5FAA5A725AA5307002DF2CD /* Resources */,
			);
			buildRules = (
			);
			dependencies = (
			);
			name = ESUControlSample;
			productName = ESUControlSample;
			productReference = E5FAA5A925AA5307002DF2CD /* ESUControlSample.app */;
			productType = "com.apple.product-type.application";
		};
		E5FAA5C825AA5308002DF2CD /* ESUControlSampleUITests */ = {
			isa = PBXNativeTarget;
			buildConfigurationList = E5FAA5D625AA5308002DF2CD /* Build configuration list for PBXNativeTarget "ESUControlSampleUITests" */;
			buildPhases = (
				E5FAA5C525AA5308002DF2CD /* Sources */,
				E5FAA5C625AA5308002DF2CD /* Frameworks */,
				E5FAA5C725AA5308002DF2CD /* Resources */,
			);
			buildRules = (
			);
			dependencies = (
				E5FAA5CB25AA5308002DF2CD /* PBXTargetDependency */,
			);
			name = ESUControlSampleUITests;
			productName = ESUControlSampleUITests;
			productReference = E5FAA5C925AA5308002DF2CD /* ESUControlSampleUITests.xctest */;
			productType = "com.apple.product-type.bundle.ui-testing";
		};
/* End PBXNativeTarget section */

/* Begin PBXProject section */
		E5091C5325A7D342009FB6C2 /* Project object */ = {
			isa = PBXProject;
			attributes = {
				LastSwiftUpdateCheck = 1220;
				LastUpgradeCheck = 1220;
				TargetAttributes = {
					E5091C5B25A7D342009FB6C2 = {
						CreatedOnToolsVersion = 12.2;
						LastSwiftMigration = 1220;
					};
					E5091C6425A7D342009FB6C2 = {
						CreatedOnToolsVersion = 12.2;
						TestTargetID = E5FAA5A825AA5307002DF2CD;
					};
					E5FAA5A825AA5307002DF2CD = {
						CreatedOnToolsVersion = 12.2;
					};
					E5FAA5C825AA5308002DF2CD = {
						CreatedOnToolsVersion = 12.2;
						TestTargetID = E5FAA5A825AA5307002DF2CD;
					};
				};
			};
			buildConfigurationList = E5091C5625A7D342009FB6C2 /* Build configuration list for PBXProject "ESUControl" */;
			compatibilityVersion = "Xcode 9.3";
			developmentRegion = en;
			hasScannedForEncodings = 0;
			knownRegions = (
				en,
				Base,
			);
			mainGroup = E5091C5225A7D342009FB6C2;
			productRefGroup = E5091C5D25A7D342009FB6C2 /* Products */;
			projectDirPath = "";
			projectRoot = "";
			targets = (
				E5091C5B25A7D342009FB6C2 /* ESUControl */,
				E5091C6425A7D342009FB6C2 /* ESUControlTests */,
				E5FAA5A825AA5307002DF2CD /* ESUControlSample */,
				E5FAA5C825AA5308002DF2CD /* ESUControlSampleUITests */,
			);
		};
/* End PBXProject section */

/* Begin PBXResourcesBuildPhase section */
		E5091C5A25A7D342009FB6C2 /* Resources */ = {
			isa = PBXResourcesBuildPhase;
			buildActionMask = 2147483647;
			files = (
			);
			runOnlyForDeploymentPostprocessing = 0;
		};
		E5091C6325A7D342009FB6C2 /* Resources */ = {
			isa = PBXResourcesBuildPhase;
			buildActionMask = 2147483647;
			files = (
			);
			runOnlyForDeploymentPostprocessing = 0;
		};
		E5FAA5A725AA5307002DF2CD /* Resources */ = {
			isa = PBXResourcesBuildPhase;
			buildActionMask = 2147483647;
			files = (
				E5FAA5B825AA5308002DF2CD /* LaunchScreen.storyboard in Resources */,
				E5FAA5B525AA5308002DF2CD /* Assets.xcassets in Resources */,
				E5FAA5B325AA5307002DF2CD /* Main.storyboard in Resources */,
			);
			runOnlyForDeploymentPostprocessing = 0;
		};
		E5FAA5C725AA5308002DF2CD /* Resources */ = {
			isa = PBXResourcesBuildPhase;
			buildActionMask = 2147483647;
			files = (
			);
			runOnlyForDeploymentPostprocessing = 0;
		};
/* End PBXResourcesBuildPhase section */

/* Begin PBXSourcesBuildPhase section */
		E5091C5825A7D342009FB6C2 /* Sources */ = {
			isa = PBXSourcesBuildPhase;
			buildActionMask = 2147483647;
			files = (
				E5091C7C25A7D37D009FB6C2 /* ESUTextField.swift in Sources */,
				E5FAA58225A90C10002DF2CD /* ESUSlider.swift in Sources */,
				E5091C7D25A7D37D009FB6C2 /* ESUDatePicker.swift in Sources */,
				E5FAA58625A90C29002DF2CD /* ESUSwitch.swift in Sources */,
				E5FAA57E25A90BFC002DF2CD /* ESUSegmentedControl.swift in Sources */,
				E5091C7E25A7D37D009FB6C2 /* ESUButton.swift in Sources */,
				E5FAA58A25A90C4A002DF2CD /* ESUStepper.swift in Sources */,
			);
			runOnlyForDeploymentPostprocessing = 0;
		};
		E5091C6125A7D342009FB6C2 /* Sources */ = {
			isa = PBXSourcesBuildPhase;
			buildActionMask = 2147483647;
			files = (
				E5FAA58E25A90E42002DF2CD /* ESUSegmentedControlTests.swift in Sources */,
				E5FAA59E25A91289002DF2CD /* ESUDatePickerTests.swift in Sources */,
				E5091C6B25A7D342009FB6C2 /* ESUControlTests.swift in Sources */,
				E5FAA5A225A91326002DF2CD /* ESUTextFieldTests.swift in Sources */,
				E5FAA59225A90FCC002DF2CD /* ESUSliderTests.swift in Sources */,
				E5FAA59A25A91205002DF2CD /* ESUStepperTests.swift in Sources */,
				E5091C8525A7D3DA009FB6C2 /* ESUButtonTests.swift in Sources */,
				E5FAA59625A910E4002DF2CD /* ESUSwitchTests.swift in Sources */,
			);
			runOnlyForDeploymentPostprocessing = 0;
		};
		E5FAA5A525AA5307002DF2CD /* Sources */ = {
			isa = PBXSourcesBuildPhase;
			buildActionMask = 2147483647;
			files = (
				E5FAA5B025AA5307002DF2CD /* ViewController.swift in Sources */,
				E5FAA5AC25AA5307002DF2CD /* AppDelegate.swift in Sources */,
				E5FAA5AE25AA5307002DF2CD /* SceneDelegate.swift in Sources */,
			);
			runOnlyForDeploymentPostprocessing = 0;
		};
		E5FAA5C525AA5308002DF2CD /* Sources */ = {
			isa = PBXSourcesBuildPhase;
			buildActionMask = 2147483647;
			files = (
				E5FAA5CE25AA5308002DF2CD /* ESUControlSampleUITests.swift in Sources */,
			);
			runOnlyForDeploymentPostprocessing = 0;
		};
/* End PBXSourcesBuildPhase section */

/* Begin PBXTargetDependency section */
		E5091C6825A7D342009FB6C2 /* PBXTargetDependency */ = {
			isa = PBXTargetDependency;
			target = E5091C5B25A7D342009FB6C2 /* ESUControl */;
			targetProxy = E5091C6725A7D342009FB6C2 /* PBXContainerItemProxy */;
		};
		E5FAA5CB25AA5308002DF2CD /* PBXTargetDependency */ = {
			isa = PBXTargetDependency;
			target = E5FAA5A825AA5307002DF2CD /* ESUControlSample */;
			targetProxy = E5FAA5CA25AA5308002DF2CD /* PBXContainerItemProxy */;
		};
		E5FAA5E725AA5DEB002DF2CD /* PBXTargetDependency */ = {
			isa = PBXTargetDependency;
			target = E5FAA5A825AA5307002DF2CD /* ESUControlSample */;
			targetProxy = E5FAA5E625AA5DEB002DF2CD /* PBXContainerItemProxy */;
		};
/* End PBXTargetDependency section */

/* Begin PBXVariantGroup section */
		E5FAA5B125AA5307002DF2CD /* Main.storyboard */ = {
			isa = PBXVariantGroup;
			children = (
				E5FAA5B225AA5307002DF2CD /* Base */,
			);
			name = Main.storyboard;
			sourceTree = "<group>";
		};
		E5FAA5B625AA5308002DF2CD /* LaunchScreen.storyboard */ = {
			isa = PBXVariantGroup;
			children = (
				E5FAA5B725AA5308002DF2CD /* Base */,
			);
			name = LaunchScreen.storyboard;
			sourceTree = "<group>";
		};
/* End PBXVariantGroup section */

/* Begin XCBuildConfiguration section */
		E5091C6E25A7D342009FB6C2 /* Debug */ = {
			isa = XCBuildConfiguration;
			buildSettings = {
				ALWAYS_SEARCH_USER_PATHS = NO;
				CLANG_ANALYZER_NONNULL = YES;
				CLANG_ANALYZER_NUMBER_OBJECT_CONVERSION = YES_AGGRESSIVE;
				CLANG_CXX_LANGUAGE_STANDARD = "gnu++14";
				CLANG_CXX_LIBRARY = "libc++";
				CLANG_ENABLE_MODULES = YES;
				CLANG_ENABLE_OBJC_ARC = YES;
				CLANG_ENABLE_OBJC_WEAK = YES;
				CLANG_WARN_BLOCK_CAPTURE_AUTORELEASING = YES;
				CLANG_WARN_BOOL_CONVERSION = YES;
				CLANG_WARN_COMMA = YES;
				CLANG_WARN_CONSTANT_CONVERSION = YES;
				CLANG_WARN_DEPRECATED_OBJC_IMPLEMENTATIONS = YES;
				CLANG_WARN_DIRECT_OBJC_ISA_USAGE = YES_ERROR;
				CLANG_WARN_DOCUMENTATION_COMMENTS = YES;
				CLANG_WARN_EMPTY_BODY = YES;
				CLANG_WARN_ENUM_CONVERSION = YES;
				CLANG_WARN_INFINITE_RECURSION = YES;
				CLANG_WARN_INT_CONVERSION = YES;
				CLANG_WARN_NON_LITERAL_NULL_CONVERSION = YES;
				CLANG_WARN_OBJC_IMPLICIT_RETAIN_SELF = YES;
				CLANG_WARN_OBJC_LITERAL_CONVERSION = YES;
				CLANG_WARN_OBJC_ROOT_CLASS = YES_ERROR;
				CLANG_WARN_QUOTED_INCLUDE_IN_FRAMEWORK_HEADER = YES;
				CLANG_WARN_RANGE_LOOP_ANALYSIS = YES;
				CLANG_WARN_STRICT_PROTOTYPES = YES;
				CLANG_WARN_SUSPICIOUS_MOVE = YES;
				CLANG_WARN_UNGUARDED_AVAILABILITY = YES_AGGRESSIVE;
				CLANG_WARN_UNREACHABLE_CODE = YES;
				CLANG_WARN__DUPLICATE_METHOD_MATCH = YES;
				COPY_PHASE_STRIP = NO;
				CURRENT_PROJECT_VERSION = 1;
				DEBUG_INFORMATION_FORMAT = dwarf;
				ENABLE_STRICT_OBJC_MSGSEND = YES;
				ENABLE_TESTABILITY = YES;
				GCC_C_LANGUAGE_STANDARD = gnu11;
				GCC_DYNAMIC_NO_PIC = NO;
				GCC_NO_COMMON_BLOCKS = YES;
				GCC_OPTIMIZATION_LEVEL = 0;
				GCC_PREPROCESSOR_DEFINITIONS = (
					"DEBUG=1",
					"$(inherited)",
				);
				GCC_WARN_64_TO_32_BIT_CONVERSION = YES;
				GCC_WARN_ABOUT_RETURN_TYPE = YES_ERROR;
				GCC_WARN_UNDECLARED_SELECTOR = YES;
				GCC_WARN_UNINITIALIZED_AUTOS = YES_AGGRESSIVE;
				GCC_WARN_UNUSED_FUNCTION = YES;
				GCC_WARN_UNUSED_VARIABLE = YES;
				IPHONEOS_DEPLOYMENT_TARGET = 14.2;
				MTL_ENABLE_DEBUG_INFO = INCLUDE_SOURCE;
				MTL_FAST_MATH = YES;
				ONLY_ACTIVE_ARCH = YES;
				SDKROOT = iphoneos;
				SWIFT_ACTIVE_COMPILATION_CONDITIONS = DEBUG;
				SWIFT_OPTIMIZATION_LEVEL = "-Onone";
				VERSIONING_SYSTEM = "apple-generic";
				VERSION_INFO_PREFIX = "";
			};
			name = Debug;
		};
		E5091C6F25A7D342009FB6C2 /* Release */ = {
			isa = XCBuildConfiguration;
			buildSettings = {
				ALWAYS_SEARCH_USER_PATHS = NO;
				CLANG_ANALYZER_NONNULL = YES;
				CLANG_ANALYZER_NUMBER_OBJECT_CONVERSION = YES_AGGRESSIVE;
				CLANG_CXX_LANGUAGE_STANDARD = "gnu++14";
				CLANG_CXX_LIBRARY = "libc++";
				CLANG_ENABLE_MODULES = YES;
				CLANG_ENABLE_OBJC_ARC = YES;
				CLANG_ENABLE_OBJC_WEAK = YES;
				CLANG_WARN_BLOCK_CAPTURE_AUTORELEASING = YES;
				CLANG_WARN_BOOL_CONVERSION = YES;
				CLANG_WARN_COMMA = YES;
				CLANG_WARN_CONSTANT_CONVERSION = YES;
				CLANG_WARN_DEPRECATED_OBJC_IMPLEMENTATIONS = YES;
				CLANG_WARN_DIRECT_OBJC_ISA_USAGE = YES_ERROR;
				CLANG_WARN_DOCUMENTATION_COMMENTS = YES;
				CLANG_WARN_EMPTY_BODY = YES;
				CLANG_WARN_ENUM_CONVERSION = YES;
				CLANG_WARN_INFINITE_RECURSION = YES;
				CLANG_WARN_INT_CONVERSION = YES;
				CLANG_WARN_NON_LITERAL_NULL_CONVERSION = YES;
				CLANG_WARN_OBJC_IMPLICIT_RETAIN_SELF = YES;
				CLANG_WARN_OBJC_LITERAL_CONVERSION = YES;
				CLANG_WARN_OBJC_ROOT_CLASS = YES_ERROR;
				CLANG_WARN_QUOTED_INCLUDE_IN_FRAMEWORK_HEADER = YES;
				CLANG_WARN_RANGE_LOOP_ANALYSIS = YES;
				CLANG_WARN_STRICT_PROTOTYPES = YES;
				CLANG_WARN_SUSPICIOUS_MOVE = YES;
				CLANG_WARN_UNGUARDED_AVAILABILITY = YES_AGGRESSIVE;
				CLANG_WARN_UNREACHABLE_CODE = YES;
				CLANG_WARN__DUPLICATE_METHOD_MATCH = YES;
				COPY_PHASE_STRIP = NO;
				CURRENT_PROJECT_VERSION = 1;
				DEBUG_INFORMATION_FORMAT = "dwarf-with-dsym";
				ENABLE_NS_ASSERTIONS = NO;
				ENABLE_STRICT_OBJC_MSGSEND = YES;
				GCC_C_LANGUAGE_STANDARD = gnu11;
				GCC_NO_COMMON_BLOCKS = YES;
				GCC_WARN_64_TO_32_BIT_CONVERSION = YES;
				GCC_WARN_ABOUT_RETURN_TYPE = YES_ERROR;
				GCC_WARN_UNDECLARED_SELECTOR = YES;
				GCC_WARN_UNINITIALIZED_AUTOS = YES_AGGRESSIVE;
				GCC_WARN_UNUSED_FUNCTION = YES;
				GCC_WARN_UNUSED_VARIABLE = YES;
				IPHONEOS_DEPLOYMENT_TARGET = 14.2;
				MTL_ENABLE_DEBUG_INFO = NO;
				MTL_FAST_MATH = YES;
				SDKROOT = iphoneos;
				SWIFT_COMPILATION_MODE = wholemodule;
				SWIFT_OPTIMIZATION_LEVEL = "-O";
				VALIDATE_PRODUCT = YES;
				VERSIONING_SYSTEM = "apple-generic";
				VERSION_INFO_PREFIX = "";
			};
			name = Release;
		};
		E5091C7125A7D342009FB6C2 /* Debug */ = {
			isa = XCBuildConfiguration;
			buildSettings = {
				CLANG_ENABLE_MODULES = YES;
				CODE_SIGN_STYLE = Automatic;
				DEFINES_MODULE = YES;
				DEVELOPMENT_TEAM = 86W5YV4A4X;
				DYLIB_COMPATIBILITY_VERSION = 1;
				DYLIB_CURRENT_VERSION = 1;
				DYLIB_INSTALL_NAME_BASE = "@rpath";
				INFOPLIST_FILE = ESUControl/Info.plist;
				INSTALL_PATH = "$(LOCAL_LIBRARY_DIR)/Frameworks";
				LD_RUNPATH_SEARCH_PATHS = (
					"$(inherited)",
					"@executable_path/Frameworks",
					"@loader_path/Frameworks",
				);
				PRODUCT_BUNDLE_IDENTIFIER = com.k28.lib.ESUControl;
				PRODUCT_NAME = "$(TARGET_NAME:c99extidentifier)";
				SKIP_INSTALL = YES;
				SWIFT_OPTIMIZATION_LEVEL = "-Onone";
				SWIFT_VERSION = 5.0;
				TARGETED_DEVICE_FAMILY = "1,2";
			};
			name = Debug;
		};
		E5091C7225A7D342009FB6C2 /* Release */ = {
			isa = XCBuildConfiguration;
			buildSettings = {
				CLANG_ENABLE_MODULES = YES;
				CODE_SIGN_STYLE = Automatic;
				DEFINES_MODULE = YES;
				DEVELOPMENT_TEAM = 86W5YV4A4X;
				DYLIB_COMPATIBILITY_VERSION = 1;
				DYLIB_CURRENT_VERSION = 1;
				DYLIB_INSTALL_NAME_BASE = "@rpath";
				INFOPLIST_FILE = ESUControl/Info.plist;
				INSTALL_PATH = "$(LOCAL_LIBRARY_DIR)/Frameworks";
				LD_RUNPATH_SEARCH_PATHS = (
					"$(inherited)",
					"@executable_path/Frameworks",
					"@loader_path/Frameworks",
				);
				PRODUCT_BUNDLE_IDENTIFIER = com.k28.lib.ESUControl;
				PRODUCT_NAME = "$(TARGET_NAME:c99extidentifier)";
				SKIP_INSTALL = YES;
				SWIFT_VERSION = 5.0;
				TARGETED_DEVICE_FAMILY = "1,2";
			};
			name = Release;
		};
		E5091C7425A7D342009FB6C2 /* Debug */ = {
			isa = XCBuildConfiguration;
			buildSettings = {
				ALWAYS_EMBED_SWIFT_STANDARD_LIBRARIES = YES;
				CODE_SIGN_STYLE = Automatic;
				DEVELOPMENT_TEAM = 86W5YV4A4X;
				INFOPLIST_FILE = ESUControlTests/Info.plist;
				LD_RUNPATH_SEARCH_PATHS = (
					"$(inherited)",
					"@executable_path/Frameworks",
					"@loader_path/Frameworks",
				);
				PRODUCT_BUNDLE_IDENTIFIER = com.k28.lib.ESUControlTests;
				PRODUCT_NAME = "$(TARGET_NAME)";
				SWIFT_VERSION = 5.0;
				TARGETED_DEVICE_FAMILY = "1,2";
				TEST_HOST = "$(BUILT_PRODUCTS_DIR)/ESUControlSample.app/ESUControlSample";
			};
			name = Debug;
		};
		E5091C7525A7D342009FB6C2 /* Release */ = {
			isa = XCBuildConfiguration;
			buildSettings = {
				ALWAYS_EMBED_SWIFT_STANDARD_LIBRARIES = YES;
				CODE_SIGN_STYLE = Automatic;
				DEVELOPMENT_TEAM = 86W5YV4A4X;
				INFOPLIST_FILE = ESUControlTests/Info.plist;
				LD_RUNPATH_SEARCH_PATHS = (
					"$(inherited)",
					"@executable_path/Frameworks",
					"@loader_path/Frameworks",
				);
				PRODUCT_BUNDLE_IDENTIFIER = com.k28.lib.ESUControlTests;
				PRODUCT_NAME = "$(TARGET_NAME)";
				SWIFT_VERSION = 5.0;
				TARGETED_DEVICE_FAMILY = "1,2";
				TEST_HOST = "$(BUILT_PRODUCTS_DIR)/ESUControlSample.app/ESUControlSample";
			};
			name = Release;
		};
		E5FAA5D125AA5308002DF2CD /* Debug */ = {
			isa = XCBuildConfiguration;
			buildSettings = {
				ASSETCATALOG_COMPILER_APPICON_NAME = AppIcon;
				ASSETCATALOG_COMPILER_GLOBAL_ACCENT_COLOR_NAME = AccentColor;
				CODE_SIGN_STYLE = Automatic;
				DEVELOPMENT_TEAM = 86W5YV4A4X;
				INFOPLIST_FILE = ESUControlSample/Info.plist;
				LD_RUNPATH_SEARCH_PATHS = (
					"$(inherited)",
					"@executable_path/Frameworks",
				);
				PRODUCT_BUNDLE_IDENTIFIER = com.k28.lib.ESUControlSample;
				PRODUCT_NAME = "$(TARGET_NAME)";
				SWIFT_VERSION = 5.0;
				TARGETED_DEVICE_FAMILY = "1,2";
			};
			name = Debug;
		};
		E5FAA5D225AA5308002DF2CD /* Release */ = {
			isa = XCBuildConfiguration;
			buildSettings = {
				ASSETCATALOG_COMPILER_APPICON_NAME = AppIcon;
				ASSETCATALOG_COMPILER_GLOBAL_ACCENT_COLOR_NAME = AccentColor;
				CODE_SIGN_STYLE = Automatic;
				DEVELOPMENT_TEAM = 86W5YV4A4X;
				INFOPLIST_FILE = ESUControlSample/Info.plist;
				LD_RUNPATH_SEARCH_PATHS = (
					"$(inherited)",
					"@executable_path/Frameworks",
				);
				PRODUCT_BUNDLE_IDENTIFIER = com.k28.lib.ESUControlSample;
				PRODUCT_NAME = "$(TARGET_NAME)";
				SWIFT_VERSION = 5.0;
				TARGETED_DEVICE_FAMILY = "1,2";
			};
			name = Release;
		};
		E5FAA5D725AA5308002DF2CD /* Debug */ = {
			isa = XCBuildConfiguration;
			buildSettings = {
				ALWAYS_EMBED_SWIFT_STANDARD_LIBRARIES = YES;
				CODE_SIGN_STYLE = Automatic;
				DEVELOPMENT_TEAM = 86W5YV4A4X;
				INFOPLIST_FILE = ESUControlSampleUITests/Info.plist;
				LD_RUNPATH_SEARCH_PATHS = (
					"$(inherited)",
					"@executable_path/Frameworks",
					"@loader_path/Frameworks",
				);
				PRODUCT_BUNDLE_IDENTIFIER = com.k28.lib.ESUControlSampleUITests;
				PRODUCT_NAME = "$(TARGET_NAME)";
				SWIFT_VERSION = 5.0;
				TARGETED_DEVICE_FAMILY = "1,2";
				TEST_TARGET_NAME = ESUControlSample;
			};
			name = Debug;
		};
		E5FAA5D825AA5308002DF2CD /* Release */ = {
			isa = XCBuildConfiguration;
			buildSettings = {
				ALWAYS_EMBED_SWIFT_STANDARD_LIBRARIES = YES;
				CODE_SIGN_STYLE = Automatic;
				DEVELOPMENT_TEAM = 86W5YV4A4X;
				INFOPLIST_FILE = ESUControlSampleUITests/Info.plist;
				LD_RUNPATH_SEARCH_PATHS = (
					"$(inherited)",
					"@executable_path/Frameworks",
					"@loader_path/Frameworks",
				);
				PRODUCT_BUNDLE_IDENTIFIER = com.k28.lib.ESUControlSampleUITests;
				PRODUCT_NAME = "$(TARGET_NAME)";
				SWIFT_VERSION = 5.0;
				TARGETED_DEVICE_FAMILY = "1,2";
				TEST_TARGET_NAME = ESUControlSample;
			};
			name = Release;
		};
/* End XCBuildConfiguration section */

/* Begin XCConfigurationList section */
		E5091C5625A7D342009FB6C2 /* Build configuration list for PBXProject "ESUControl" */ = {
			isa = XCConfigurationList;
			buildConfigurations = (
				E5091C6E25A7D342009FB6C2 /* Debug */,
				E5091C6F25A7D342009FB6C2 /* Release */,
			);
			defaultConfigurationIsVisible = 0;
			defaultConfigurationName = Release;
		};
		E5091C7025A7D342009FB6C2 /* Build configuration list for PBXNativeTarget "ESUControl" */ = {
			isa = XCConfigurationList;
			buildConfigurations = (
				E5091C7125A7D342009FB6C2 /* Debug */,
				E5091C7225A7D342009FB6C2 /* Release */,
			);
			defaultConfigurationIsVisible = 0;
			defaultConfigurationName = Release;
		};
		E5091C7325A7D342009FB6C2 /* Build configuration list for PBXNativeTarget "ESUControlTests" */ = {
			isa = XCConfigurationList;
			buildConfigurations = (
				E5091C7425A7D342009FB6C2 /* Debug */,
				E5091C7525A7D342009FB6C2 /* Release */,
			);
			defaultConfigurationIsVisible = 0;
			defaultConfigurationName = Release;
		};
		E5FAA5D025AA5308002DF2CD /* Build configuration list for PBXNativeTarget "ESUControlSample" */ = {
			isa = XCConfigurationList;
			buildConfigurations = (
				E5FAA5D125AA5308002DF2CD /* Debug */,
				E5FAA5D225AA5308002DF2CD /* Release */,
			);
			defaultConfigurationIsVisible = 0;
			defaultConfigurationName = Release;
		};
		E5FAA5D625AA5308002DF2CD /* Build configuration list for PBXNativeTarget "ESUControlSampleUITests" */ = {
			isa = XCConfigurationList;
			buildConfigurations = (
				E5FAA5D725AA5308002DF2CD /* Debug */,
				E5FAA5D825AA5308002DF2CD /* Release */,
			);
			defaultConfigurationIsVisible = 0;
			defaultConfigurationName = Release;
		};
/* End XCConfigurationList section */
	};
	rootObject = E5091C5325A7D342009FB6C2 /* Project object */;
}
